<?xml version="1.0" encoding="utf-8"?>
<Project ToolsVersion="4.0" xmlns="http://schemas.microsoft.com/developer/msbuild/2003">
  <ItemGroup>
    <Filter Include="소스 파일">
      <UniqueIdentifier>{4FC737F1-C7A5-4376-A066-2A32D752A2FF}</UniqueIdentifier>
      <Extensions>cpp;c;cc;cxx;def;odl;idl;hpj;bat;asm;asmx</Extensions>
    </Filter>
    <Filter Include="헤더 파일">
      <UniqueIdentifier>{93995380-89BD-4b04-88EB-625FBE52EBFB}</UniqueIdentifier>
      <Extensions>h;hh;hpp;hxx;hm;inl;inc;ipp;xsd</Extensions>
    </Filter>
    <Filter Include="리소스 파일">
      <UniqueIdentifier>{67DA6AB6-F800-4c08-8B7A-83BB121AAD01}</UniqueIdentifier>
      <Extensions>rc;ico;cur;bmp;dlg;rc2;rct;bin;rgs;gif;jpg;jpeg;jpe;resx;tiff;tif;png;wav;mfcribbon-ms</Extensions>
    </Filter>
    <Filter Include="Default">
      <UniqueIdentifier>{882e31fe-e90f-4fde-909c-9d450d07daad}</UniqueIdentifier>
    </Filter>
    <Filter Include="Helper">
      <UniqueIdentifier>{d193c3b7-f077-4dfc-b354-d517256f1b1d}</UniqueIdentifier>
    </Filter>
    <Filter Include="Object">
      <UniqueIdentifier>{27b7907a-6207-4d1d-bb51-250264110460}</UniqueIdentifier>
    </Filter>
    <Filter Include="Shape">
      <UniqueIdentifier>{7593b591-b1c8-4876-9907-31c78019b143}</UniqueIdentifier>
    </Filter>
  </ItemGroup>
  <ItemGroup>
    <ClCompile Include="JDxHelper.cpp">
      <Filter>Helper</Filter>
    </ClCompile>
    <ClCompile Include="TextureMgr.cpp">
      <Filter>Object</Filter>
    </ClCompile>
    <ClCompile Include="Texture.cpp">
      <Filter>Object</Filter>
    </ClCompile>
    <ClCompile Include="Model.cpp">
      <Filter>Object</Filter>
    </ClCompile>
    <ClCompile Include="JDxObject.cpp">
      <Filter>Object</Filter>
    </ClCompile>
    <ClCompile Include="PlaneShape.cpp">
      <Filter>Shape</Filter>
    </ClCompile>
    <ClCompile Include="Shape.cpp">
      <Filter>Shape</Filter>
    </ClCompile>
    <ClCompile Include="JState.cpp">
      <Filter>Helper</Filter>
    </ClCompile>
    <ClCompile Include="StateHelper.cpp">
      <Filter>Helper</Filter>
    </ClCompile>
    <ClCompile Include="JSelect.cpp">
      <Filter>소스 파일</Filter>
    </ClCompile>
  </ItemGroup>
  <ItemGroup>
    <ClInclude Include="UI_Utils.h">
      <Filter>Default</Filter>
    </ClInclude>
    <ClInclude Include="UI_Std.h">
      <Filter>Default</Filter>
    </ClInclude>
    <ClInclude Include="JDxHelper.h">
      <Filter>Helper</Filter>
    </ClInclude>
    <ClInclude Include="TextureMgr.h">
      <Filter>Object</Filter>
    </ClInclude>
    <ClInclude Include="JDxObject.h">
      <Filter>Object</Filter>
    </ClInclude>
    <ClInclude Include="Model.h">
      <Filter>Object</Filter>
    </ClInclude>
    <ClInclude Include="Texture.h">
      <Filter>Object</Filter>
    </ClInclude>
    <ClInclude Include="PlaneShape.h">
      <Filter>Shape</Filter>
    </ClInclude>
    <ClInclude Include="Shape.h">
      <Filter>Shape</Filter>
    </ClInclude>
    <ClInclude Include="JState.h">
      <Filter>Helper</Filter>
    </ClInclude>
    <ClInclude Include="JSelect.h">
      <Filter>헤더 파일</Filter>
    </ClInclude>
  </ItemGroup>
  <ItemGroup>
    <FxCompile Include="..\..\Data\Shader\UI_Default.hlsl" />
  </ItemGroup>
</Project>